// !$*UTF8*$!
{
	archiveVersion = 1;
	classes = {
	};
	objectVersion = 56;
	objects = {

/* Begin PBXBuildFile section */
		D842A6602A9E84C5007DAB40 /* PreviewItemDetails.swift in Sources */ = {isa = PBXBuildFile; fileRef = D842A65F2A9E84C5007DAB40 /* PreviewItemDetails.swift */; };
		D86A39DA2A8CFA79006BE648 /* SaveViewModel.swift in Sources */ = {isa = PBXBuildFile; fileRef = D86A39D92A8CFA79006BE648 /* SaveViewModel.swift */; };
		D86A39DF2A8CFC2F006BE648 /* DocumentPickerViewModel.swift in Sources */ = {isa = PBXBuildFile; fileRef = D86A39DE2A8CFC2F006BE648 /* DocumentPickerViewModel.swift */; };
		D86A39E22A8CFC6D006BE648 /* FormattedData.swift in Sources */ = {isa = PBXBuildFile; fileRef = D86A39E12A8CFC6D006BE648 /* FormattedData.swift */; };
		D86A39E42A8CFC8F006BE648 /* Column.swift in Sources */ = {isa = PBXBuildFile; fileRef = D86A39E32A8CFC8F006BE648 /* Column.swift */; };
		D8A22D622A9D1DE600488650 /* PreviewItem.swift in Sources */ = {isa = PBXBuildFile; fileRef = D8A22D612A9D1DE600488650 /* PreviewItem.swift */; };
		D8AB36662A8560EA0075F39A /* ExhibitabilityParserApp.swift in Sources */ = {isa = PBXBuildFile; fileRef = D8AB36652A8560EA0075F39A /* ExhibitabilityParserApp.swift */; };
		D8AB36682A8560EA0075F39A /* ContentView.swift in Sources */ = {isa = PBXBuildFile; fileRef = D8AB36672A8560EA0075F39A /* ContentView.swift */; };
		D8AB366A2A8560EB0075F39A /* Assets.xcassets in Resources */ = {isa = PBXBuildFile; fileRef = D8AB36692A8560EB0075F39A /* Assets.xcassets */; };
		D8AB366D2A8560EB0075F39A /* Preview Assets.xcassets in Resources */ = {isa = PBXBuildFile; fileRef = D8AB366C2A8560EB0075F39A /* Preview Assets.xcassets */; };
		D8AB36762A8562090075F39A /* DocumentPicker.swift in Sources */ = {isa = PBXBuildFile; fileRef = D8AB36752A8562090075F39A /* DocumentPicker.swift */; };
		D8AB36782A8566000075F39A /* Parser.swift in Sources */ = {isa = PBXBuildFile; fileRef = D8AB36772A8566000075F39A /* Parser.swift */; };
		D8ADE2012A8CF2DE00B7E3DE /* FormattedDataViewModel.swift in Sources */ = {isa = PBXBuildFile; fileRef = D8ADE2002A8CF2DE00B7E3DE /* FormattedDataViewModel.swift */; };
		D8D8A0552A8BE1840077AC1E /* DataPreview.swift in Sources */ = {isa = PBXBuildFile; fileRef = D8D8A0542A8BE1840077AC1E /* DataPreview.swift */; };
		D8FA9A1F2A8E4A99004CC48F /* String+Extension.swift in Sources */ = {isa = PBXBuildFile; fileRef = D8FA9A1E2A8E4A99004CC48F /* String+Extension.swift */; };
/* End PBXBuildFile section */

/* Begin PBXFileReference section */
		D842A65F2A9E84C5007DAB40 /* PreviewItemDetails.swift */ = {isa = PBXFileReference; lastKnownFileType = sourcecode.swift; path = PreviewItemDetails.swift; sourceTree = "<group>"; };
		D86A39D92A8CFA79006BE648 /* SaveViewModel.swift */ = {isa = PBXFileReference; lastKnownFileType = sourcecode.swift; path = SaveViewModel.swift; sourceTree = "<group>"; };
		D86A39DE2A8CFC2F006BE648 /* DocumentPickerViewModel.swift */ = {isa = PBXFileReference; lastKnownFileType = sourcecode.swift; path = DocumentPickerViewModel.swift; sourceTree = "<group>"; };
		D86A39E12A8CFC6D006BE648 /* FormattedData.swift */ = {isa = PBXFileReference; lastKnownFileType = sourcecode.swift; path = FormattedData.swift; sourceTree = "<group>"; };
		D86A39E32A8CFC8F006BE648 /* Column.swift */ = {isa = PBXFileReference; lastKnownFileType = sourcecode.swift; path = Column.swift; sourceTree = "<group>"; };
		D8A22D612A9D1DE600488650 /* PreviewItem.swift */ = {isa = PBXFileReference; lastKnownFileType = sourcecode.swift; path = PreviewItem.swift; sourceTree = "<group>"; };
		D8AB36622A8560EA0075F39A /* ExhibitabilityParser.app */ = {isa = PBXFileReference; explicitFileType = wrapper.application; includeInIndex = 0; path = ExhibitabilityParser.app; sourceTree = BUILT_PRODUCTS_DIR; };
		D8AB36652A8560EA0075F39A /* ExhibitabilityParserApp.swift */ = {isa = PBXFileReference; lastKnownFileType = sourcecode.swift; path = ExhibitabilityParserApp.swift; sourceTree = "<group>"; };
		D8AB36672A8560EA0075F39A /* ContentView.swift */ = {isa = PBXFileReference; lastKnownFileType = sourcecode.swift; path = ContentView.swift; sourceTree = "<group>"; };
		D8AB36692A8560EB0075F39A /* Assets.xcassets */ = {isa = PBXFileReference; lastKnownFileType = folder.assetcatalog; path = Assets.xcassets; sourceTree = "<group>"; };
		D8AB366C2A8560EB0075F39A /* Preview Assets.xcassets */ = {isa = PBXFileReference; lastKnownFileType = folder.assetcatalog; path = "Preview Assets.xcassets"; sourceTree = "<group>"; };
		D8AB36752A8562090075F39A /* DocumentPicker.swift */ = {isa = PBXFileReference; lastKnownFileType = sourcecode.swift; path = DocumentPicker.swift; sourceTree = "<group>"; };
		D8AB36772A8566000075F39A /* Parser.swift */ = {isa = PBXFileReference; lastKnownFileType = sourcecode.swift; path = Parser.swift; sourceTree = "<group>"; };
		D8ADE2002A8CF2DE00B7E3DE /* FormattedDataViewModel.swift */ = {isa = PBXFileReference; lastKnownFileType = sourcecode.swift; path = FormattedDataViewModel.swift; sourceTree = "<group>"; };
		D8D8A0542A8BE1840077AC1E /* DataPreview.swift */ = {isa = PBXFileReference; lastKnownFileType = sourcecode.swift; path = DataPreview.swift; sourceTree = "<group>"; };
		D8E41C972A86B9D600628BF9 /* ExhibitabilityParser.entitlements */ = {isa = PBXFileReference; lastKnownFileType = text.plist.entitlements; path = ExhibitabilityParser.entitlements; sourceTree = "<group>"; };
		D8FA9A1E2A8E4A99004CC48F /* String+Extension.swift */ = {isa = PBXFileReference; lastKnownFileType = sourcecode.swift; path = "String+Extension.swift"; sourceTree = "<group>"; };
/* End PBXFileReference section */

/* Begin PBXFrameworksBuildPhase section */
		D8AB365F2A8560EA0075F39A /* Frameworks */ = {
			isa = PBXFrameworksBuildPhase;
			buildActionMask = 2147483647;
			files = (
			);
			runOnlyForDeploymentPostprocessing = 0;
		};
/* End PBXFrameworksBuildPhase section */

/* Begin PBXGroup section */
		D86A39DB2A8CFBBA006BE648 /* View */ = {
			isa = PBXGroup;
			children = (
				D8AB36672A8560EA0075F39A /* ContentView.swift */,
				D8D8A0542A8BE1840077AC1E /* DataPreview.swift */,
				D8AB36752A8562090075F39A /* DocumentPicker.swift */,
				D8A22D612A9D1DE600488650 /* PreviewItem.swift */,
				D842A65F2A9E84C5007DAB40 /* PreviewItemDetails.swift */,
			);
			path = View;
			sourceTree = "<group>";
		};
		D86A39DC2A8CFBCF006BE648 /* ViewModel */ = {
			isa = PBXGroup;
			children = (
				D8ADE2002A8CF2DE00B7E3DE /* FormattedDataViewModel.swift */,
				D86A39D92A8CFA79006BE648 /* SaveViewModel.swift */,
				D86A39DE2A8CFC2F006BE648 /* DocumentPickerViewModel.swift */,
			);
			path = ViewModel;
			sourceTree = "<group>";
		};
		D86A39DD2A8CFBF1006BE648 /* Service */ = {
			isa = PBXGroup;
			children = (
				D8AB36772A8566000075F39A /* Parser.swift */,
			);
			path = Service;
			sourceTree = "<group>";
		};
		D86A39E02A8CFC65006BE648 /* Model */ = {
			isa = PBXGroup;
			children = (
				D86A39E12A8CFC6D006BE648 /* FormattedData.swift */,
				D86A39E32A8CFC8F006BE648 /* Column.swift */,
			);
			path = Model;
			sourceTree = "<group>";
		};
		D8AB36592A8560EA0075F39A = {
			isa = PBXGroup;
			children = (
				D8AB36642A8560EA0075F39A /* ExhibitabilityParser */,
				D8AB36632A8560EA0075F39A /* Products */,
			);
			sourceTree = "<group>";
		};
		D8AB36632A8560EA0075F39A /* Products */ = {
			isa = PBXGroup;
			children = (
				D8AB36622A8560EA0075F39A /* ExhibitabilityParser.app */,
			);
			name = Products;
			sourceTree = "<group>";
		};
		D8AB36642A8560EA0075F39A /* ExhibitabilityParser */ = {
			isa = PBXGroup;
			children = (
				D8FA9A1D2A8E4A88004CC48F /* Helpers */,
				D86A39E02A8CFC65006BE648 /* Model */,
				D86A39DD2A8CFBF1006BE648 /* Service */,
				D86A39DC2A8CFBCF006BE648 /* ViewModel */,
				D86A39DB2A8CFBBA006BE648 /* View */,
				D8E41C972A86B9D600628BF9 /* ExhibitabilityParser.entitlements */,
				D8AB36652A8560EA0075F39A /* ExhibitabilityParserApp.swift */,
				D8AB36692A8560EB0075F39A /* Assets.xcassets */,
				D8AB366B2A8560EB0075F39A /* Preview Content */,
			);
			path = ExhibitabilityParser;
			sourceTree = "<group>";
		};
		D8AB366B2A8560EB0075F39A /* Preview Content */ = {
			isa = PBXGroup;
			children = (
				D8AB366C2A8560EB0075F39A /* Preview Assets.xcassets */,
			);
			path = "Preview Content";
			sourceTree = "<group>";
		};
		D8FA9A1D2A8E4A88004CC48F /* Helpers */ = {
			isa = PBXGroup;
			children = (
				D8FA9A1E2A8E4A99004CC48F /* String+Extension.swift */,
			);
			path = Helpers;
			sourceTree = "<group>";
		};
/* End PBXGroup section */

/* Begin PBXNativeTarget section */
		D8AB36612A8560EA0075F39A /* ExhibitabilityParser */ = {
			isa = PBXNativeTarget;
			buildConfigurationList = D8AB36702A8560EB0075F39A /* Build configuration list for PBXNativeTarget "ExhibitabilityParser" */;
			buildPhases = (
				D8AB365E2A8560EA0075F39A /* Sources */,
				D8AB365F2A8560EA0075F39A /* Frameworks */,
				D8AB36602A8560EA0075F39A /* Resources */,
			);
			buildRules = (
			);
			dependencies = (
			);
			name = ExhibitabilityParser;
			productName = ExhibitabilityParser;
			productReference = D8AB36622A8560EA0075F39A /* ExhibitabilityParser.app */;
			productType = "com.apple.product-type.application";
		};
/* End PBXNativeTarget section */

/* Begin PBXProject section */
		D8AB365A2A8560EA0075F39A /* Project object */ = {
			isa = PBXProject;
			attributes = {
				BuildIndependentTargetsInParallel = 1;
				LastSwiftUpdateCheck = 1430;
				LastUpgradeCheck = 1430;
				TargetAttributes = {
					D8AB36612A8560EA0075F39A = {
						CreatedOnToolsVersion = 14.3.1;
					};
				};
			};
			buildConfigurationList = D8AB365D2A8560EA0075F39A /* Build configuration list for PBXProject "ExhibitabilityParser" */;
			compatibilityVersion = "Xcode 14.0";
			developmentRegion = en;
			hasScannedForEncodings = 0;
			knownRegions = (
				en,
				Base,
			);
			mainGroup = D8AB36592A8560EA0075F39A;
			productRefGroup = D8AB36632A8560EA0075F39A /* Products */;
			projectDirPath = "";
			projectRoot = "";
			targets = (
				D8AB36612A8560EA0075F39A /* ExhibitabilityParser */,
			);
		};
/* End PBXProject section */

/* Begin PBXResourcesBuildPhase section */
		D8AB36602A8560EA0075F39A /* Resources */ = {
			isa = PBXResourcesBuildPhase;
			buildActionMask = 2147483647;
			files = (
				D8AB366D2A8560EB0075F39A /* Preview Assets.xcassets in Resources */,
				D8AB366A2A8560EB0075F39A /* Assets.xcassets in Resources */,
			);
			runOnlyForDeploymentPostprocessing = 0;
		};
/* End PBXResourcesBuildPhase section */

/* Begin PBXSourcesBuildPhase section */
		D8AB365E2A8560EA0075F39A /* Sources */ = {
			isa = PBXSourcesBuildPhase;
			buildActionMask = 2147483647;
			files = (
				D86A39E22A8CFC6D006BE648 /* FormattedData.swift in Sources */,
				D8FA9A1F2A8E4A99004CC48F /* String+Extension.swift in Sources */,
				D86A39E42A8CFC8F006BE648 /* Column.swift in Sources */,
				D8D8A0552A8BE1840077AC1E /* DataPreview.swift in Sources */,
				D86A39DF2A8CFC2F006BE648 /* DocumentPickerViewModel.swift in Sources */,
				D86A39DA2A8CFA79006BE648 /* SaveViewModel.swift in Sources */,
				D8AB36762A8562090075F39A /* DocumentPicker.swift in Sources */,
				D842A6602A9E84C5007DAB40 /* PreviewItemDetails.swift in Sources */,
				D8ADE2012A8CF2DE00B7E3DE /* FormattedDataViewModel.swift in Sources */,
				D8AB36682A8560EA0075F39A /* ContentView.swift in Sources */,
				D8A22D622A9D1DE600488650 /* PreviewItem.swift in Sources */,
				D8AB36782A8566000075F39A /* Parser.swift in Sources */,
				D8AB36662A8560EA0075F39A /* ExhibitabilityParserApp.swift in Sources */,
			);
			runOnlyForDeploymentPostprocessing = 0;
		};
/* End PBXSourcesBuildPhase section */

/* Begin XCBuildConfiguration section */
		D8AB366E2A8560EB0075F39A /* Debug */ = {
			isa = XCBuildConfiguration;
			buildSettings = {
				ALWAYS_SEARCH_USER_PATHS = NO;
				CLANG_ANALYZER_NONNULL = YES;
				CLANG_ANALYZER_NUMBER_OBJECT_CONVERSION = YES_AGGRESSIVE;
				CLANG_CXX_LANGUAGE_STANDARD = "gnu++20";
				CLANG_ENABLE_MODULES = YES;
				CLANG_ENABLE_OBJC_ARC = YES;
				CLANG_ENABLE_OBJC_WEAK = YES;
				CLANG_WARN_BLOCK_CAPTURE_AUTORELEASING = YES;
				CLANG_WARN_BOOL_CONVERSION = YES;
				CLANG_WARN_COMMA = YES;
				CLANG_WARN_CONSTANT_CONVERSION = YES;
				CLANG_WARN_DEPRECATED_OBJC_IMPLEMENTATIONS = YES;
				CLANG_WARN_DIRECT_OBJC_ISA_USAGE = YES_ERROR;
				CLANG_WARN_DOCUMENTATION_COMMENTS = YES;
				CLANG_WARN_EMPTY_BODY = YES;
				CLANG_WARN_ENUM_CONVERSION = YES;
				CLANG_WARN_INFINITE_RECURSION = YES;
				CLANG_WARN_INT_CONVERSION = YES;
				CLANG_WARN_NON_LITERAL_NULL_CONVERSION = YES;
				CLANG_WARN_OBJC_IMPLICIT_RETAIN_SELF = YES;
				CLANG_WARN_OBJC_LITERAL_CONVERSION = YES;
				CLANG_WARN_OBJC_ROOT_CLASS = YES_ERROR;
				CLANG_WARN_QUOTED_INCLUDE_IN_FRAMEWORK_HEADER = YES;
				CLANG_WARN_RANGE_LOOP_ANALYSIS = YES;
				CLANG_WARN_STRICT_PROTOTYPES = YES;
				CLANG_WARN_SUSPICIOUS_MOVE = YES;
				CLANG_WARN_UNGUARDED_AVAILABILITY = YES_AGGRESSIVE;
				CLANG_WARN_UNREACHABLE_CODE = YES;
				CLANG_WARN__DUPLICATE_METHOD_MATCH = YES;
				COPY_PHASE_STRIP = NO;
				DEBUG_INFORMATION_FORMAT = dwarf;
				ENABLE_STRICT_OBJC_MSGSEND = YES;
				ENABLE_TESTABILITY = YES;
				GCC_C_LANGUAGE_STANDARD = gnu11;
				GCC_DYNAMIC_NO_PIC = NO;
				GCC_NO_COMMON_BLOCKS = YES;
				GCC_OPTIMIZATION_LEVEL = 0;
				GCC_PREPROCESSOR_DEFINITIONS = (
					"DEBUG=1",
					"$(inherited)",
				);
				GCC_WARN_64_TO_32_BIT_CONVERSION = YES;
				GCC_WARN_ABOUT_RETURN_TYPE = YES_ERROR;
				GCC_WARN_UNDECLARED_SELECTOR = YES;
				GCC_WARN_UNINITIALIZED_AUTOS = YES_AGGRESSIVE;
				GCC_WARN_UNUSED_FUNCTION = YES;
				GCC_WARN_UNUSED_VARIABLE = YES;
				IPHONEOS_DEPLOYMENT_TARGET = 16.4;
				MTL_ENABLE_DEBUG_INFO = INCLUDE_SOURCE;
				MTL_FAST_MATH = YES;
				ONLY_ACTIVE_ARCH = YES;
				SDKROOT = iphoneos;
				SWIFT_ACTIVE_COMPILATION_CONDITIONS = DEBUG;
				SWIFT_OPTIMIZATION_LEVEL = "-Onone";
			};
			name = Debug;
		};
		D8AB366F2A8560EB0075F39A /* Release */ = {
			isa = XCBuildConfiguration;
			buildSettings = {
				ALWAYS_SEARCH_USER_PATHS = NO;
				CLANG_ANALYZER_NONNULL = YES;
				CLANG_ANALYZER_NUMBER_OBJECT_CONVERSION = YES_AGGRESSIVE;
				CLANG_CXX_LANGUAGE_STANDARD = "gnu++20";
				CLANG_ENABLE_MODULES = YES;
				CLANG_ENABLE_OBJC_ARC = YES;
				CLANG_ENABLE_OBJC_WEAK = YES;
				CLANG_WARN_BLOCK_CAPTURE_AUTORELEASING = YES;
				CLANG_WARN_BOOL_CONVERSION = YES;
				CLANG_WARN_COMMA = YES;
				CLANG_WARN_CONSTANT_CONVERSION = YES;
				CLANG_WARN_DEPRECATED_OBJC_IMPLEMENTATIONS = YES;
				CLANG_WARN_DIRECT_OBJC_ISA_USAGE = YES_ERROR;
				CLANG_WARN_DOCUMENTATION_COMMENTS = YES;
				CLANG_WARN_EMPTY_BODY = YES;
				CLANG_WARN_ENUM_CONVERSION = YES;
				CLANG_WARN_INFINITE_RECURSION = YES;
				CLANG_WARN_INT_CONVERSION = YES;
				CLANG_WARN_NON_LITERAL_NULL_CONVERSION = YES;
				CLANG_WARN_OBJC_IMPLICIT_RETAIN_SELF = YES;
				CLANG_WARN_OBJC_LITERAL_CONVERSION = YES;
				CLANG_WARN_OBJC_ROOT_CLASS = YES_ERROR;
				CLANG_WARN_QUOTED_INCLUDE_IN_FRAMEWORK_HEADER = YES;
				CLANG_WARN_RANGE_LOOP_ANALYSIS = YES;
				CLANG_WARN_STRICT_PROTOTYPES = YES;
				CLANG_WARN_SUSPICIOUS_MOVE = YES;
				CLANG_WARN_UNGUARDED_AVAILABILITY = YES_AGGRESSIVE;
				CLANG_WARN_UNREACHABLE_CODE = YES;
				CLANG_WARN__DUPLICATE_METHOD_MATCH = YES;
				COPY_PHASE_STRIP = NO;
				DEBUG_INFORMATION_FORMAT = "dwarf-with-dsym";
				ENABLE_NS_ASSERTIONS = NO;
				ENABLE_STRICT_OBJC_MSGSEND = YES;
				GCC_C_LANGUAGE_STANDARD = gnu11;
				GCC_NO_COMMON_BLOCKS = YES;
				GCC_WARN_64_TO_32_BIT_CONVERSION = YES;
				GCC_WARN_ABOUT_RETURN_TYPE = YES_ERROR;
				GCC_WARN_UNDECLARED_SELECTOR = YES;
				GCC_WARN_UNINITIALIZED_AUTOS = YES_AGGRESSIVE;
				GCC_WARN_UNUSED_FUNCTION = YES;
				GCC_WARN_UNUSED_VARIABLE = YES;
				IPHONEOS_DEPLOYMENT_TARGET = 16.4;
				MTL_ENABLE_DEBUG_INFO = NO;
				MTL_FAST_MATH = YES;
				SDKROOT = iphoneos;
				SWIFT_COMPILATION_MODE = wholemodule;
				SWIFT_OPTIMIZATION_LEVEL = "-O";
				VALIDATE_PRODUCT = YES;
			};
			name = Release;
		};
		D8AB36712A8560EB0075F39A /* Debug */ = {
			isa = XCBuildConfiguration;
			buildSettings = {
				ASSETCATALOG_COMPILER_APPICON_NAME = AppIcon;
				ASSETCATALOG_COMPILER_GLOBAL_ACCENT_COLOR_NAME = AccentColor;
				CODE_SIGN_ENTITLEMENTS = ExhibitabilityParser/ExhibitabilityParser.entitlements;
				CODE_SIGN_STYLE = Automatic;
				CURRENT_PROJECT_VERSION = 1;
				DEVELOPMENT_ASSET_PATHS = "\"ExhibitabilityParser/Preview Content\"";
				DEVELOPMENT_TEAM = 5W42QS55ZL;
				ENABLE_PREVIEWS = YES;
				GENERATE_INFOPLIST_FILE = YES;
				INFOPLIST_KEY_UIApplicationSceneManifest_Generation = YES;
				INFOPLIST_KEY_UIApplicationSupportsIndirectInputEvents = YES;
				INFOPLIST_KEY_UILaunchScreen_Generation = YES;
				INFOPLIST_KEY_UISupportedInterfaceOrientations_iPad = "UIInterfaceOrientationPortrait UIInterfaceOrientationPortraitUpsideDown UIInterfaceOrientationLandscapeLeft UIInterfaceOrientationLandscapeRight";
				INFOPLIST_KEY_UISupportedInterfaceOrientations_iPhone = "UIInterfaceOrientationPortrait UIInterfaceOrientationLandscapeLeft UIInterfaceOrientationLandscapeRight";
				LD_RUNPATH_SEARCH_PATHS = (
					"$(inherited)",
					"@executable_path/Frameworks",
				);
				MARKETING_VERSION = 1.0;
				PRODUCT_BUNDLE_IDENTIFIER = dudkin.dv.ExhibitabilityParser;
				PRODUCT_NAME = "$(TARGET_NAME)";
				SWIFT_EMIT_LOC_STRINGS = YES;
				SWIFT_VERSION = 5.0;
				TARGETED_DEVICE_FAMILY = "1,2";
			};
			name = Debug;
		};
		D8AB36722A8560EB0075F39A /* Release */ = {
			isa = XCBuildConfiguration;
			buildSettings = {
				ASSETCATALOG_COMPILER_APPICON_NAME = AppIcon;
				ASSETCATALOG_COMPILER_GLOBAL_ACCENT_COLOR_NAME = AccentColor;
				CODE_SIGN_ENTITLEMENTS = ExhibitabilityParser/ExhibitabilityParser.entitlements;
				CODE_SIGN_STYLE = Automatic;
				CURRENT_PROJECT_VERSION = 1;
				DEVELOPMENT_ASSET_PATHS = "\"ExhibitabilityParser/Preview Content\"";
				DEVELOPMENT_TEAM = 5W42QS55ZL;
				ENABLE_PREVIEWS = YES;
				GENERATE_INFOPLIST_FILE = YES;
				INFOPLIST_KEY_UIApplicationSceneManifest_Generation = YES;
				INFOPLIST_KEY_UIApplicationSupportsIndirectInputEvents = YES;
				INFOPLIST_KEY_UILaunchScreen_Generation = YES;
				INFOPLIST_KEY_UISupportedInterfaceOrientations_iPad = "UIInterfaceOrientationPortrait UIInterfaceOrientationPortraitUpsideDown UIInterfaceOrientationLandscapeLeft UIInterfaceOrientationLandscapeRight";
				INFOPLIST_KEY_UISupportedInterfaceOrientations_iPhone = "UIInterfaceOrientationPortrait UIInterfaceOrientationLandscapeLeft UIInterfaceOrientationLandscapeRight";
				LD_RUNPATH_SEARCH_PATHS = (
					"$(inherited)",
					"@executable_path/Frameworks",
				);
				MARKETING_VERSION = 1.0;
				PRODUCT_BUNDLE_IDENTIFIER = dudkin.dv.ExhibitabilityParser;
				PRODUCT_NAME = "$(TARGET_NAME)";
				SWIFT_EMIT_LOC_STRINGS = YES;
				SWIFT_VERSION = 5.0;
				TARGETED_DEVICE_FAMILY = "1,2";
			};
			name = Release;
		};
/* End XCBuildConfiguration section */

/* Begin XCConfigurationList section */
		D8AB365D2A8560EA0075F39A /* Build configuration list for PBXProject "ExhibitabilityParser" */ = {
			isa = XCConfigurationList;
			buildConfigurations = (
				D8AB366E2A8560EB0075F39A /* Debug */,
				D8AB366F2A8560EB0075F39A /* Release */,
			);
			defaultConfigurationIsVisible = 0;
			defaultConfigurationName = Release;
		};
		D8AB36702A8560EB0075F39A /* Build configuration list for PBXNativeTarget "ExhibitabilityParser" */ = {
			isa = XCConfigurationList;
			buildConfigurations = (
				D8AB36712A8560EB0075F39A /* Debug */,
				D8AB36722A8560EB0075F39A /* Release */,
			);
			defaultConfigurationIsVisible = 0;
			defaultConfigurationName = Release;
		};
/* End XCConfigurationList section */
	};
	rootObject = D8AB365A2A8560EA0075F39A /* Project object */;
}
